// !$*UTF8*$!
{
	archiveVersion = 1;
	classes = {
	};
	objectVersion = 46;
	objects = {

/* Begin PBXBuildFile section */
		412C7C1786E0D7538E74FBAA /* AppDelegate.swift in Sources */ = {isa = PBXBuildFile; fileRef = 647F8725AC73C9C3A3979F62 /* AppDelegate.swift */; };
		5070912733BC0C08F49B6905 /* Pods_Listify.framework in Frameworks */ = {isa = PBXBuildFile; fileRef = 55C886A6770C4AFBDD7A0FF3 /* Pods_Listify.framework */; };
		727966BFDEF3124DAE9381C1 /* Foundation.framework in Frameworks */ = {isa = PBXBuildFile; fileRef = 865485C93876D8207D8FE49C /* Foundation.framework */; };
		75FC251101B647FC5C3ED1AF /* LaunchScreen.xib in Resources */ = {isa = PBXBuildFile; fileRef = 1B7500DBEC8AC66373E3CE70 /* LaunchScreen.xib */; };
		7C016C4A1EAE060E00C638D2 /* TaskService.swift in Sources */ = {isa = PBXBuildFile; fileRef = 7C016C491EAE060E00C638D2 /* TaskService.swift */; };
		7C016C4C1EAE0C2D00C638D2 /* TaskServiceType.swift in Sources */ = {isa = PBXBuildFile; fileRef = 7C016C4B1EAE0C2D00C638D2 /* TaskServiceType.swift */; };
		7C016C4E1EAE0D0900C638D2 /* TasksViewController.swift in Sources */ = {isa = PBXBuildFile; fileRef = 7C016C4D1EAE0D0900C638D2 /* TasksViewController.swift */; };
		7C016C501EAE0D5C00C638D2 /* TasksViewModel.swift in Sources */ = {isa = PBXBuildFile; fileRef = 7C016C4F1EAE0D5C00C638D2 /* TasksViewModel.swift */; };
		7C016C521EAE13AD00C638D2 /* TaskItemTableViewCell.swift in Sources */ = {isa = PBXBuildFile; fileRef = 7C016C511EAE13AD00C638D2 /* TaskItemTableViewCell.swift */; };
		7C0333921E8B6E3300982136 /* Reusable.swift in Sources */ = {isa = PBXBuildFile; fileRef = 7C0333911E8B6E3300982136 /* Reusable.swift */; };
		7C0333941E8B6E5D00982136 /* UITableView+Reusable.swift in Sources */ = {isa = PBXBuildFile; fileRef = 7C0333931E8B6E5D00982136 /* UITableView+Reusable.swift */; };
		7C0333961E8B72DD00982136 /* UIColor+Hex.swift in Sources */ = {isa = PBXBuildFile; fileRef = 7C0333951E8B72DD00982136 /* UIColor+Hex.swift */; };
		7C0EA1AA1EA73F5400BC6250 /* UserService.swift in Sources */ = {isa = PBXBuildFile; fileRef = 7C0EA1A91EA73F5400BC6250 /* UserService.swift */; };
		7C0EA1AC1EA74F4C00BC6250 /* Task.storyboard in Resources */ = {isa = PBXBuildFile; fileRef = 7C0EA1AB1EA74F4C00BC6250 /* Task.storyboard */; };
		7C0EA1B01EA75AED00BC6250 /* GIDSignIn+Rx.swift in Sources */ = {isa = PBXBuildFile; fileRef = 7C0EA1AF1EA75AED00BC6250 /* GIDSignIn+Rx.swift */; };
		7C23E3B51EAF501A0062DCCB /* ListsViewController.swift in Sources */ = {isa = PBXBuildFile; fileRef = 7C23E3B41EAF501A0062DCCB /* ListsViewController.swift */; };
		7C23E3B71EAF50420062DCCB /* ListsViewModel.swift in Sources */ = {isa = PBXBuildFile; fileRef = 7C23E3B61EAF50420062DCCB /* ListsViewModel.swift */; };
		7C23E3B91EAF54C20062DCCB /* ListsTableViewCell.swift in Sources */ = {isa = PBXBuildFile; fileRef = 7C23E3B81EAF54C20062DCCB /* ListsTableViewCell.swift */; };
		7C2B4E271E8A0FD500DD59BC /* R.generated.swift in Sources */ = {isa = PBXBuildFile; fileRef = 7C2B4E261E8A0FD500DD59BC /* R.generated.swift */; };
		7C43BA5D1EAE4C94001018F9 /* SoundService.swift in Sources */ = {isa = PBXBuildFile; fileRef = 7C43BA5C1EAE4C94001018F9 /* SoundService.swift */; };
		7C43BA601EAE4E7F001018F9 /* success.wav in Resources */ = {isa = PBXBuildFile; fileRef = 7C43BA5F1EAE4E7F001018F9 /* success.wav */; };
		7C4F65271E8CE021006F4F1F /* AppConstant.swift in Sources */ = {isa = PBXBuildFile; fileRef = 7C4F65261E8CE021006F4F1F /* AppConstant.swift */; };
		7C86E5391E8270DD00E7A484 /* RealmConstants.swift in Sources */ = {isa = PBXBuildFile; fileRef = 7C86E5381E8270DD00E7A484 /* RealmConstants.swift */; };
		7CB7A6151EA5C76C007CF930 /* GoogleService-Info.plist in Resources */ = {isa = PBXBuildFile; fileRef = 7CB7A6141EA5C76C007CF930 /* GoogleService-Info.plist */; };
		7CD27A691EA4C83B00B2A4EA /* Authentication.storyboard in Resources */ = {isa = PBXBuildFile; fileRef = 7CD27A681EA4C83B00B2A4EA /* Authentication.storyboard */; };
		7CD27A6C1EA4C87A00B2A4EA /* Scene.swift in Sources */ = {isa = PBXBuildFile; fileRef = 7CD27A6B1EA4C87A00B2A4EA /* Scene.swift */; };
		7CD27A6E1EA4C8B700B2A4EA /* AuthenticationViewModel.swift in Sources */ = {isa = PBXBuildFile; fileRef = 7CD27A6D1EA4C8B700B2A4EA /* AuthenticationViewModel.swift */; };
		7CD27A701EA4C93D00B2A4EA /* SceneCoordinatorType.swift in Sources */ = {isa = PBXBuildFile; fileRef = 7CD27A6F1EA4C93D00B2A4EA /* SceneCoordinatorType.swift */; };
		7CD27A721EA4CA3500B2A4EA /* SceneTransitionType.swift in Sources */ = {isa = PBXBuildFile; fileRef = 7CD27A711EA4CA3500B2A4EA /* SceneTransitionType.swift */; };
		7CD27A741EA4CAFB00B2A4EA /* SceneCoordinator.swift in Sources */ = {isa = PBXBuildFile; fileRef = 7CD27A731EA4CAFB00B2A4EA /* SceneCoordinator.swift */; };
		7CD27A761EA4CF0400B2A4EA /* Scene+ViewController.swift in Sources */ = {isa = PBXBuildFile; fileRef = 7CD27A751EA4CF0400B2A4EA /* Scene+ViewController.swift */; };
		7CD27A781EA4D05A00B2A4EA /* UINavigationController+Rx.swift in Sources */ = {isa = PBXBuildFile; fileRef = 7CD27A771EA4D05A00B2A4EA /* UINavigationController+Rx.swift */; };
		7CD27A7A1EA4D13A00B2A4EA /* Bindable.swift in Sources */ = {isa = PBXBuildFile; fileRef = 7CD27A791EA4D13A00B2A4EA /* Bindable.swift */; };
		7CD27A7E1EA4D25100B2A4EA /* AuthenticationViewController.swift in Sources */ = {isa = PBXBuildFile; fileRef = 7CD27A7D1EA4D25100B2A4EA /* AuthenticationViewController.swift */; };
		7CDADB311E7BDB2A0062C93E /* Task.swift in Sources */ = {isa = PBXBuildFile; fileRef = 7CDADB301E7BDB2A0062C93E /* Task.swift */; };
		7CDADB331E7BDBF20062C93E /* TaskList.swift in Sources */ = {isa = PBXBuildFile; fileRef = 7CDADB321E7BDBF20062C93E /* TaskList.swift */; };
		7CDADB391E7C11BD0062C93E /* AppSetup.swift in Sources */ = {isa = PBXBuildFile; fileRef = 7CDADB381E7C11BD0062C93E /* AppSetup.swift */; };
		7CE31CF21E8B86F900874284 /* NibLoadableView.swift in Sources */ = {isa = PBXBuildFile; fileRef = 7CE31CF11E8B86F900874284 /* NibLoadableView.swift */; };
		7CFB09D01ED93C04008D890E /* CreateTaskViewController.swift in Sources */ = {isa = PBXBuildFile; fileRef = 7CFB09CF1ED93C04008D890E /* CreateTaskViewController.swift */; };
		7CFB09D21ED93C60008D890E /* CreateTaskViewModel.swift in Sources */ = {isa = PBXBuildFile; fileRef = 7CFB09D11ED93C60008D890E /* CreateTaskViewModel.swift */; };
		7CFB09D41ED9521D008D890E /* CreateTaskActionTableViewCell.swift in Sources */ = {isa = PBXBuildFile; fileRef = 7CFB09D31ED9521D008D890E /* CreateTaskActionTableViewCell.swift */; };
		891B0A6B77259CBADAAF2F71 /* Settings.bundle in Resources */ = {isa = PBXBuildFile; fileRef = 4257E5BF74C9A468E9780CEE /* Settings.bundle */; };
		9FBE8EA893A9AAC6F142D6A9 /* Images.xcassets in Resources */ = {isa = PBXBuildFile; fileRef = 6389A5B4C5BD8CDF73E74F2F /* Images.xcassets */; };
/* End PBXBuildFile section */

/* Begin PBXFileReference section */
		1B7500DBEC8AC66373E3CE70 /* LaunchScreen.xib */ = {isa = PBXFileReference; includeInIndex = 1; lastKnownFileType = file.xib; path = LaunchScreen.xib; sourceTree = "<group>"; };
		4257E5BF74C9A468E9780CEE /* Settings.bundle */ = {isa = PBXFileReference; includeInIndex = 1; lastKnownFileType = "wrapper.plug-in"; path = Settings.bundle; sourceTree = "<group>"; };
		45A4F37304134740156BC411 /* Listify.app */ = {isa = PBXFileReference; explicitFileType = wrapper.application; includeInIndex = 0; path = Listify.app; sourceTree = BUILT_PRODUCTS_DIR; };
		55C886A6770C4AFBDD7A0FF3 /* Pods_Listify.framework */ = {isa = PBXFileReference; explicitFileType = wrapper.framework; includeInIndex = 0; path = Pods_Listify.framework; sourceTree = BUILT_PRODUCTS_DIR; };
		6389A5B4C5BD8CDF73E74F2F /* Images.xcassets */ = {isa = PBXFileReference; includeInIndex = 1; lastKnownFileType = folder.assetcatalog; path = Images.xcassets; sourceTree = "<group>"; };
		647F8725AC73C9C3A3979F62 /* AppDelegate.swift */ = {isa = PBXFileReference; includeInIndex = 1; lastKnownFileType = sourcecode.swift; path = AppDelegate.swift; sourceTree = "<group>"; };
		7C016C491EAE060E00C638D2 /* TaskService.swift */ = {isa = PBXFileReference; fileEncoding = 4; lastKnownFileType = sourcecode.swift; path = TaskService.swift; sourceTree = "<group>"; };
		7C016C4B1EAE0C2D00C638D2 /* TaskServiceType.swift */ = {isa = PBXFileReference; fileEncoding = 4; lastKnownFileType = sourcecode.swift; path = TaskServiceType.swift; sourceTree = "<group>"; };
		7C016C4D1EAE0D0900C638D2 /* TasksViewController.swift */ = {isa = PBXFileReference; fileEncoding = 4; lastKnownFileType = sourcecode.swift; path = TasksViewController.swift; sourceTree = "<group>"; };
		7C016C4F1EAE0D5C00C638D2 /* TasksViewModel.swift */ = {isa = PBXFileReference; fileEncoding = 4; lastKnownFileType = sourcecode.swift; path = TasksViewModel.swift; sourceTree = "<group>"; };
		7C016C511EAE13AD00C638D2 /* TaskItemTableViewCell.swift */ = {isa = PBXFileReference; fileEncoding = 4; lastKnownFileType = sourcecode.swift; path = TaskItemTableViewCell.swift; sourceTree = "<group>"; };
		7C0333911E8B6E3300982136 /* Reusable.swift */ = {isa = PBXFileReference; fileEncoding = 4; lastKnownFileType = sourcecode.swift; path = Reusable.swift; sourceTree = "<group>"; };
		7C0333931E8B6E5D00982136 /* UITableView+Reusable.swift */ = {isa = PBXFileReference; fileEncoding = 4; lastKnownFileType = sourcecode.swift; path = "UITableView+Reusable.swift"; sourceTree = "<group>"; };
		7C0333951E8B72DD00982136 /* UIColor+Hex.swift */ = {isa = PBXFileReference; fileEncoding = 4; lastKnownFileType = sourcecode.swift; path = "UIColor+Hex.swift"; sourceTree = "<group>"; };
		7C0EA1A91EA73F5400BC6250 /* UserService.swift */ = {isa = PBXFileReference; fileEncoding = 4; lastKnownFileType = sourcecode.swift; path = UserService.swift; sourceTree = "<group>"; };
		7C0EA1AB1EA74F4C00BC6250 /* Task.storyboard */ = {isa = PBXFileReference; fileEncoding = 4; lastKnownFileType = file.storyboard; path = Task.storyboard; sourceTree = "<group>"; };
		7C0EA1AF1EA75AED00BC6250 /* GIDSignIn+Rx.swift */ = {isa = PBXFileReference; fileEncoding = 4; lastKnownFileType = sourcecode.swift; path = "GIDSignIn+Rx.swift"; sourceTree = "<group>"; };
		7C23E3B41EAF501A0062DCCB /* ListsViewController.swift */ = {isa = PBXFileReference; fileEncoding = 4; lastKnownFileType = sourcecode.swift; path = ListsViewController.swift; sourceTree = "<group>"; };
		7C23E3B61EAF50420062DCCB /* ListsViewModel.swift */ = {isa = PBXFileReference; fileEncoding = 4; lastKnownFileType = sourcecode.swift; path = ListsViewModel.swift; sourceTree = "<group>"; };
		7C23E3B81EAF54C20062DCCB /* ListsTableViewCell.swift */ = {isa = PBXFileReference; fileEncoding = 4; lastKnownFileType = sourcecode.swift; path = ListsTableViewCell.swift; sourceTree = "<group>"; };
		7C2B4E261E8A0FD500DD59BC /* R.generated.swift */ = {isa = PBXFileReference; fileEncoding = 4; lastKnownFileType = sourcecode.swift; path = R.generated.swift; sourceTree = "<group>"; };
		7C43BA5C1EAE4C94001018F9 /* SoundService.swift */ = {isa = PBXFileReference; fileEncoding = 4; lastKnownFileType = sourcecode.swift; path = SoundService.swift; sourceTree = "<group>"; };
		7C43BA5F1EAE4E7F001018F9 /* success.wav */ = {isa = PBXFileReference; lastKnownFileType = audio.wav; path = success.wav; sourceTree = "<group>"; };
		7C4F65261E8CE021006F4F1F /* AppConstant.swift */ = {isa = PBXFileReference; fileEncoding = 4; lastKnownFileType = sourcecode.swift; path = AppConstant.swift; sourceTree = "<group>"; };
		7C86E5381E8270DD00E7A484 /* RealmConstants.swift */ = {isa = PBXFileReference; fileEncoding = 4; lastKnownFileType = sourcecode.swift; path = RealmConstants.swift; sourceTree = "<group>"; };
		7CB7A6141EA5C76C007CF930 /* GoogleService-Info.plist */ = {isa = PBXFileReference; fileEncoding = 4; lastKnownFileType = text.plist.xml; path = "GoogleService-Info.plist"; sourceTree = "<group>"; };
		7CB7A6161EA5C7EC007CF930 /* Listify-Bridging-Header.h */ = {isa = PBXFileReference; lastKnownFileType = sourcecode.c.h; path = "Listify-Bridging-Header.h"; sourceTree = "<group>"; };
		7CD27A681EA4C83B00B2A4EA /* Authentication.storyboard */ = {isa = PBXFileReference; fileEncoding = 4; lastKnownFileType = file.storyboard; path = Authentication.storyboard; sourceTree = "<group>"; };
		7CD27A6B1EA4C87A00B2A4EA /* Scene.swift */ = {isa = PBXFileReference; fileEncoding = 4; lastKnownFileType = sourcecode.swift; path = Scene.swift; sourceTree = "<group>"; };
		7CD27A6D1EA4C8B700B2A4EA /* AuthenticationViewModel.swift */ = {isa = PBXFileReference; fileEncoding = 4; lastKnownFileType = sourcecode.swift; path = AuthenticationViewModel.swift; sourceTree = "<group>"; };
		7CD27A6F1EA4C93D00B2A4EA /* SceneCoordinatorType.swift */ = {isa = PBXFileReference; fileEncoding = 4; lastKnownFileType = sourcecode.swift; path = SceneCoordinatorType.swift; sourceTree = "<group>"; };
		7CD27A711EA4CA3500B2A4EA /* SceneTransitionType.swift */ = {isa = PBXFileReference; fileEncoding = 4; lastKnownFileType = sourcecode.swift; path = SceneTransitionType.swift; sourceTree = "<group>"; };
		7CD27A731EA4CAFB00B2A4EA /* SceneCoordinator.swift */ = {isa = PBXFileReference; fileEncoding = 4; lastKnownFileType = sourcecode.swift; path = SceneCoordinator.swift; sourceTree = "<group>"; };
		7CD27A751EA4CF0400B2A4EA /* Scene+ViewController.swift */ = {isa = PBXFileReference; fileEncoding = 4; lastKnownFileType = sourcecode.swift; path = "Scene+ViewController.swift"; sourceTree = "<group>"; };
		7CD27A771EA4D05A00B2A4EA /* UINavigationController+Rx.swift */ = {isa = PBXFileReference; fileEncoding = 4; lastKnownFileType = sourcecode.swift; path = "UINavigationController+Rx.swift"; sourceTree = "<group>"; };
		7CD27A791EA4D13A00B2A4EA /* Bindable.swift */ = {isa = PBXFileReference; fileEncoding = 4; lastKnownFileType = sourcecode.swift; path = Bindable.swift; sourceTree = "<group>"; };
		7CD27A7D1EA4D25100B2A4EA /* AuthenticationViewController.swift */ = {isa = PBXFileReference; fileEncoding = 4; lastKnownFileType = sourcecode.swift; path = AuthenticationViewController.swift; sourceTree = "<group>"; };
		7CDADB301E7BDB2A0062C93E /* Task.swift */ = {isa = PBXFileReference; fileEncoding = 4; lastKnownFileType = sourcecode.swift; path = Task.swift; sourceTree = "<group>"; };
		7CDADB321E7BDBF20062C93E /* TaskList.swift */ = {isa = PBXFileReference; fileEncoding = 4; lastKnownFileType = sourcecode.swift; path = TaskList.swift; sourceTree = "<group>"; };
		7CDADB381E7C11BD0062C93E /* AppSetup.swift */ = {isa = PBXFileReference; fileEncoding = 4; lastKnownFileType = sourcecode.swift; path = AppSetup.swift; sourceTree = "<group>"; };
		7CE31CF11E8B86F900874284 /* NibLoadableView.swift */ = {isa = PBXFileReference; fileEncoding = 4; lastKnownFileType = sourcecode.swift; path = NibLoadableView.swift; sourceTree = "<group>"; };
		7CFB09CF1ED93C04008D890E /* CreateTaskViewController.swift */ = {isa = PBXFileReference; fileEncoding = 4; lastKnownFileType = sourcecode.swift; path = CreateTaskViewController.swift; sourceTree = "<group>"; };
		7CFB09D11ED93C60008D890E /* CreateTaskViewModel.swift */ = {isa = PBXFileReference; fileEncoding = 4; lastKnownFileType = sourcecode.swift; path = CreateTaskViewModel.swift; sourceTree = "<group>"; };
		7CFB09D31ED9521D008D890E /* CreateTaskActionTableViewCell.swift */ = {isa = PBXFileReference; fileEncoding = 4; lastKnownFileType = sourcecode.swift; path = CreateTaskActionTableViewCell.swift; sourceTree = "<group>"; };
		865485C93876D8207D8FE49C /* Foundation.framework */ = {isa = PBXFileReference; lastKnownFileType = wrapper.framework; name = Foundation.framework; path = Platforms/iPhoneOS.platform/Developer/SDKs/iPhoneOS9.3.sdk/System/Library/Frameworks/Foundation.framework; sourceTree = DEVELOPER_DIR; };
		BBD58C428C6CF3ADD1C26F54 /* Pods-Listify.debug.xcconfig */ = {isa = PBXFileReference; includeInIndex = 1; lastKnownFileType = text.xcconfig; name = "Pods-Listify.debug.xcconfig"; path = "Pods/Target Support Files/Pods-Listify/Pods-Listify.debug.xcconfig"; sourceTree = "<group>"; };
		BF20F25202102E02B3480CE2 /* Pods-Listify.release.xcconfig */ = {isa = PBXFileReference; includeInIndex = 1; lastKnownFileType = text.xcconfig; name = "Pods-Listify.release.xcconfig"; path = "Pods/Target Support Files/Pods-Listify/Pods-Listify.release.xcconfig"; sourceTree = "<group>"; };
		F800C0519DEF5B16C5F1ECFF /* Info.plist */ = {isa = PBXFileReference; includeInIndex = 1; lastKnownFileType = text.plist.xml; path = Info.plist; sourceTree = "<group>"; };
/* End PBXFileReference section */

/* Begin PBXFrameworksBuildPhase section */
		B1203A0EDF46476385198E43 /* Frameworks */ = {
			isa = PBXFrameworksBuildPhase;
			buildActionMask = 2147483647;
			files = (
				727966BFDEF3124DAE9381C1 /* Foundation.framework in Frameworks */,
				5070912733BC0C08F49B6905 /* Pods_Listify.framework in Frameworks */,
			);
			runOnlyForDeploymentPostprocessing = 0;
		};
/* End PBXFrameworksBuildPhase section */

/* Begin PBXGroup section */
		220175C00881D15DDC20ED03 /* Listify */ = {
			isa = PBXGroup;
			children = (
				7C935E6B1E7BC362001C37A2 /* Apps */,
				52B998222F59B86DCFE42CC4 /* Extensions */,
				89E1ECA35DDBCC89C51F15FD /* Models */,
				2445C8A3A12D8020C96CC0EF /* Protocols */,
				7C86E5371E8270B500E7A484 /* Realm */,
				C36408C3275ED566BCD4BE9E /* Resources */,
				7CD27A6A1EA4C86500B2A4EA /* SceneCoordinator */,
				7CDADB2B1E7BD61E0062C93E /* Scenes */,
				7C0EA1A81EA73F4800BC6250 /* Services */,
			);
			path = Listify;
			sourceTree = "<group>";
		};
		2445C8A3A12D8020C96CC0EF /* Protocols */ = {
			isa = PBXGroup;
			children = (
				7CD27A791EA4D13A00B2A4EA /* Bindable.swift */,
				7CE31CF11E8B86F900874284 /* NibLoadableView.swift */,
				7C0333911E8B6E3300982136 /* Reusable.swift */,
			);
			path = Protocols;
			sourceTree = "<group>";
		};
		419805E93077BCD27A8EDC51 /* Storyboards */ = {
			isa = PBXGroup;
			children = (
				7CD27A681EA4C83B00B2A4EA /* Authentication.storyboard */,
				7C0EA1AB1EA74F4C00BC6250 /* Task.storyboard */,
			);
			path = Storyboards;
			sourceTree = "<group>";
		};
		52B998222F59B86DCFE42CC4 /* Extensions */ = {
			isa = PBXGroup;
			children = (
				7C0EA1AF1EA75AED00BC6250 /* GIDSignIn+Rx.swift */,
				7C0333951E8B72DD00982136 /* UIColor+Hex.swift */,
				7CD27A771EA4D05A00B2A4EA /* UINavigationController+Rx.swift */,
				7C0333931E8B6E5D00982136 /* UITableView+Reusable.swift */,
			);
			path = Extensions;
			sourceTree = "<group>";
		};
		5597AAAFA6B5C575AC022FD5 /* Frameworks */ = {
			isa = PBXGroup;
			children = (
				AADADE3C670D141A3F400FC8 /* iOS */,
				55C886A6770C4AFBDD7A0FF3 /* Pods_Listify.framework */,
			);
			name = Frameworks;
			sourceTree = "<group>";
		};
		73FE48256FA9FA41AD849BEB = {
			isa = PBXGroup;
			children = (
				5597AAAFA6B5C575AC022FD5 /* Frameworks */,
				220175C00881D15DDC20ED03 /* Listify */,
				7C6E192879B463CEBE001D57 /* Pods */,
				826ED14F2AFDAC3C976279E4 /* Products */,
				7C2B4E261E8A0FD500DD59BC /* R.generated.swift */,
			);
			indentWidth = 4;
			sourceTree = "<group>";
			tabWidth = 4;
			usesTabs = 0;
		};
		7C0EA1A81EA73F4800BC6250 /* Services */ = {
			isa = PBXGroup;
			children = (
				7C43BA5C1EAE4C94001018F9 /* SoundService.swift */,
				7C016C491EAE060E00C638D2 /* TaskService.swift */,
				7C016C4B1EAE0C2D00C638D2 /* TaskServiceType.swift */,
				7C0EA1A91EA73F5400BC6250 /* UserService.swift */,
			);
			path = Services;
			sourceTree = "<group>";
		};
		7C23E3B31EAF50060062DCCB /* Lists */ = {
			isa = PBXGroup;
			children = (
				7C23E3B81EAF54C20062DCCB /* ListsTableViewCell.swift */,
				7C23E3B41EAF501A0062DCCB /* ListsViewController.swift */,
				7C23E3B61EAF50420062DCCB /* ListsViewModel.swift */,
			);
			path = Lists;
			sourceTree = "<group>";
		};
		7C43BA5E1EAE4E74001018F9 /* Sounds */ = {
			isa = PBXGroup;
			children = (
				7C43BA5F1EAE4E7F001018F9 /* success.wav */,
			);
			path = Sounds;
			sourceTree = "<group>";
		};
		7C6E192879B463CEBE001D57 /* Pods */ = {
			isa = PBXGroup;
			children = (
				BF20F25202102E02B3480CE2 /* Pods-Listify.release.xcconfig */,
				BBD58C428C6CF3ADD1C26F54 /* Pods-Listify.debug.xcconfig */,
			);
			name = Pods;
			sourceTree = "<group>";
		};
		7C86E5371E8270B500E7A484 /* Realm */ = {
			isa = PBXGroup;
			children = (
				7C86E5381E8270DD00E7A484 /* RealmConstants.swift */,
			);
			path = Realm;
			sourceTree = "<group>";
		};
		7C935E6B1E7BC362001C37A2 /* Apps */ = {
			isa = PBXGroup;
			children = (
				7C4F65261E8CE021006F4F1F /* AppConstant.swift */,
				647F8725AC73C9C3A3979F62 /* AppDelegate.swift */,
				7CDADB381E7C11BD0062C93E /* AppSetup.swift */,
			);
			path = Apps;
			sourceTree = "<group>";
		};
		7CD27A6A1EA4C86500B2A4EA /* SceneCoordinator */ = {
			isa = PBXGroup;
			children = (
				7CD27A751EA4CF0400B2A4EA /* Scene+ViewController.swift */,
				7CD27A6B1EA4C87A00B2A4EA /* Scene.swift */,
				7CD27A731EA4CAFB00B2A4EA /* SceneCoordinator.swift */,
				7CD27A6F1EA4C93D00B2A4EA /* SceneCoordinatorType.swift */,
				7CD27A711EA4CA3500B2A4EA /* SceneTransitionType.swift */,
			);
			path = SceneCoordinator;
			sourceTree = "<group>";
		};
		7CDADB2B1E7BD61E0062C93E /* Scenes */ = {
			isa = PBXGroup;
			children = (
				7CDADB351E7BFE9E0062C93E /* Authentication */,
				7CFB09CE1ED93BEF008D890E /* Create Task */,
				7C23E3B31EAF50060062DCCB /* Lists */,
				7CDADB341E7BFE910062C93E /* Tasks */,
			);
			path = Scenes;
			sourceTree = "<group>";
		};
		7CDADB341E7BFE910062C93E /* Tasks */ = {
			isa = PBXGroup;
			children = (
				7C016C511EAE13AD00C638D2 /* TaskItemTableViewCell.swift */,
				7C016C4D1EAE0D0900C638D2 /* TasksViewController.swift */,
				7C016C4F1EAE0D5C00C638D2 /* TasksViewModel.swift */,
			);
			path = Tasks;
			sourceTree = "<group>";
		};
		7CDADB351E7BFE9E0062C93E /* Authentication */ = {
			isa = PBXGroup;
			children = (
				7CD27A7D1EA4D25100B2A4EA /* AuthenticationViewController.swift */,
				7CD27A6D1EA4C8B700B2A4EA /* AuthenticationViewModel.swift */,
			);
			path = Authentication;
			sourceTree = "<group>";
		};
		7CFB09CE1ED93BEF008D890E /* Create Task */ = {
			isa = PBXGroup;
			children = (
				7CFB09CF1ED93C04008D890E /* CreateTaskViewController.swift */,
				7CFB09D11ED93C60008D890E /* CreateTaskViewModel.swift */,
				7CFB09D31ED9521D008D890E /* CreateTaskActionTableViewCell.swift */,
			);
			path = "Create Task";
			sourceTree = "<group>";
		};
		826ED14F2AFDAC3C976279E4 /* Products */ = {
			isa = PBXGroup;
			children = (
				45A4F37304134740156BC411 /* Listify.app */,
			);
			name = Products;
			sourceTree = "<group>";
		};
		89E1ECA35DDBCC89C51F15FD /* Models */ = {
			isa = PBXGroup;
			children = (
				7CDADB301E7BDB2A0062C93E /* Task.swift */,
				7CDADB321E7BDBF20062C93E /* TaskList.swift */,
			);
			path = Models;
			sourceTree = "<group>";
		};
		AADADE3C670D141A3F400FC8 /* iOS */ = {
			isa = PBXGroup;
			children = (
				865485C93876D8207D8FE49C /* Foundation.framework */,
			);
			name = iOS;
			sourceTree = "<group>";
		};
		C36408C3275ED566BCD4BE9E /* Resources */ = {
			isa = PBXGroup;
			children = (
				DFA7B614A4C710D7BC34DC13 /* Nibs */,
				CEDE38FE30D0C2E736890E36 /* Other-Sources */,
				7C43BA5E1EAE4E74001018F9 /* Sounds */,
				419805E93077BCD27A8EDC51 /* Storyboards */,
				7CB7A6141EA5C76C007CF930 /* GoogleService-Info.plist */,
				6389A5B4C5BD8CDF73E74F2F /* Images.xcassets */,
				7CB7A6161EA5C7EC007CF930 /* Listify-Bridging-Header.h */,
				4257E5BF74C9A468E9780CEE /* Settings.bundle */,
			);
			path = Resources;
			sourceTree = "<group>";
		};
		CEDE38FE30D0C2E736890E36 /* Other-Sources */ = {
			isa = PBXGroup;
			children = (
				F800C0519DEF5B16C5F1ECFF /* Info.plist */,
			);
			path = "Other-Sources";
			sourceTree = "<group>";
		};
		DFA7B614A4C710D7BC34DC13 /* Nibs */ = {
			isa = PBXGroup;
			children = (
				1B7500DBEC8AC66373E3CE70 /* LaunchScreen.xib */,
			);
			path = Nibs;
			sourceTree = "<group>";
		};
/* End PBXGroup section */

/* Begin PBXNativeTarget section */
		C6326674E7623DC7A34ACE2D /* Listify */ = {
			isa = PBXNativeTarget;
			buildConfigurationList = 5AE1C82DBECF995BEF4A9AF4 /* Build configuration list for PBXNativeTarget "Listify" */;
			buildPhases = (
				B1D230B513613A6308AC1FB1 /* [CP] Check Pods Manifest.lock */,
				7C2B4E251E8A0FA700DD59BC /* R.swift Generator */,
				C11E27344DA8EFAF3B9DA985 /* Sources */,
				B1203A0EDF46476385198E43 /* Frameworks */,
				F0F63EAD04475AA810BFB263 /* Resources */,
				7CDADB3C1E7C13300062C93E /* SwiftLint */,
				7C017A581ED04B3D00EA5E07 /* Crashlytics */,
				527D4802F2E355CFC9CF0615 /* [CP] Embed Pods Frameworks */,
				8FE4C96884583AE9AD8980B1 /* [CP] Copy Pods Resources */,
			);
			buildRules = (
			);
			dependencies = (
			);
			name = Listify;
			productName = "Simple Todo";
			productReference = 45A4F37304134740156BC411 /* Listify.app */;
			productType = "com.apple.product-type.application";
		};
/* End PBXNativeTarget section */

/* Begin PBXProject section */
		ED4F04C3F60A4FDD8A332B55 /* Project object */ = {
			isa = PBXProject;
			attributes = {
				CLASSPREFIX = "";
				LastSwiftUpdateCheck = 0910;
				LastUpgradeCheck = 0820;
				ORGANIZATIONNAME = khoi.io;
				TargetAttributes = {
					C6326674E7623DC7A34ACE2D = {
						DevelopmentTeam = 7G5K6NH4YV;
						LastSwiftMigration = 0830;
						ProvisioningStyle = Manual;
					};
				};
			};
			buildConfigurationList = 56D19100B6F80907A1B5EB11 /* Build configuration list for PBXProject "Listify" */;
			compatibilityVersion = "Xcode 3.2";
			developmentRegion = English;
			hasScannedForEncodings = 0;
			knownRegions = (
				en,
			);
			mainGroup = 73FE48256FA9FA41AD849BEB;
			productRefGroup = 826ED14F2AFDAC3C976279E4 /* Products */;
			projectDirPath = "";
			projectRoot = "";
			targets = (
				C6326674E7623DC7A34ACE2D /* Listify */,
			);
		};
/* End PBXProject section */

/* Begin PBXResourcesBuildPhase section */
		F0F63EAD04475AA810BFB263 /* Resources */ = {
			isa = PBXResourcesBuildPhase;
			buildActionMask = 2147483647;
			files = (
				9FBE8EA893A9AAC6F142D6A9 /* Images.xcassets in Resources */,
				75FC251101B647FC5C3ED1AF /* LaunchScreen.xib in Resources */,
				891B0A6B77259CBADAAF2F71 /* Settings.bundle in Resources */,
				7C43BA601EAE4E7F001018F9 /* success.wav in Resources */,
				7C0EA1AC1EA74F4C00BC6250 /* Task.storyboard in Resources */,
				7CD27A691EA4C83B00B2A4EA /* Authentication.storyboard in Resources */,
				7CB7A6151EA5C76C007CF930 /* GoogleService-Info.plist in Resources */,
			);
			runOnlyForDeploymentPostprocessing = 0;
		};
/* End PBXResourcesBuildPhase section */

/* Begin PBXShellScriptBuildPhase section */
		527D4802F2E355CFC9CF0615 /* [CP] Embed Pods Frameworks */ = {
			isa = PBXShellScriptBuildPhase;
			buildActionMask = 2147483647;
			files = (
			);
			inputPaths = (
				"${SRCROOT}/Pods/Target Support Files/Pods-Listify/Pods-Listify-frameworks.sh",
				"${BUILT_PRODUCTS_DIR}/Action/Action.framework",
				"${BUILT_PRODUCTS_DIR}/Fakery/Fakery.framework",
				"${BUILT_PRODUCTS_DIR}/GTMOAuth2/GTMOAuth2.framework",
				"${BUILT_PRODUCTS_DIR}/GTMSessionFetcher/GTMSessionFetcher.framework",
				"${BUILT_PRODUCTS_DIR}/GoogleToolboxForMac/GoogleToolboxForMac.framework",
				"${BUILT_PRODUCTS_DIR}/MBProgressHUD/MBProgressHUD.framework",
				"${BUILT_PRODUCTS_DIR}/NSObject+Rx/NSObject_Rx.framework",
				"${BUILT_PRODUCTS_DIR}/R.swift.Library/Rswift.framework",
				"${BUILT_PRODUCTS_DIR}/Realm/Realm.framework",
				"${BUILT_PRODUCTS_DIR}/RealmSwift/RealmSwift.framework",
				"${BUILT_PRODUCTS_DIR}/Result/Result.framework",
				"${BUILT_PRODUCTS_DIR}/RxCocoa/RxCocoa.framework",
				"${BUILT_PRODUCTS_DIR}/RxDataSources/RxDataSources.framework",
				"${BUILT_PRODUCTS_DIR}/RxRealm/RxRealm.framework",
				"${BUILT_PRODUCTS_DIR}/RxSwift/RxSwift.framework",
				"${BUILT_PRODUCTS_DIR}/SnapKit/SnapKit.framework",
				"${BUILT_PRODUCTS_DIR}/SwiftyBeaver/SwiftyBeaver.framework",
			);
			name = "[CP] Embed Pods Frameworks";
			outputPaths = (
				"${TARGET_BUILD_DIR}/${FRAMEWORKS_FOLDER_PATH}/Action.framework",
				"${TARGET_BUILD_DIR}/${FRAMEWORKS_FOLDER_PATH}/Fakery.framework",
				"${TARGET_BUILD_DIR}/${FRAMEWORKS_FOLDER_PATH}/GTMOAuth2.framework",
				"${TARGET_BUILD_DIR}/${FRAMEWORKS_FOLDER_PATH}/GTMSessionFetcher.framework",
				"${TARGET_BUILD_DIR}/${FRAMEWORKS_FOLDER_PATH}/GoogleToolboxForMac.framework",
				"${TARGET_BUILD_DIR}/${FRAMEWORKS_FOLDER_PATH}/MBProgressHUD.framework",
				"${TARGET_BUILD_DIR}/${FRAMEWORKS_FOLDER_PATH}/NSObject_Rx.framework",
				"${TARGET_BUILD_DIR}/${FRAMEWORKS_FOLDER_PATH}/Rswift.framework",
				"${TARGET_BUILD_DIR}/${FRAMEWORKS_FOLDER_PATH}/Realm.framework",
				"${TARGET_BUILD_DIR}/${FRAMEWORKS_FOLDER_PATH}/RealmSwift.framework",
				"${TARGET_BUILD_DIR}/${FRAMEWORKS_FOLDER_PATH}/Result.framework",
				"${TARGET_BUILD_DIR}/${FRAMEWORKS_FOLDER_PATH}/RxCocoa.framework",
				"${TARGET_BUILD_DIR}/${FRAMEWORKS_FOLDER_PATH}/RxDataSources.framework",
				"${TARGET_BUILD_DIR}/${FRAMEWORKS_FOLDER_PATH}/RxRealm.framework",
				"${TARGET_BUILD_DIR}/${FRAMEWORKS_FOLDER_PATH}/RxSwift.framework",
				"${TARGET_BUILD_DIR}/${FRAMEWORKS_FOLDER_PATH}/SnapKit.framework",
				"${TARGET_BUILD_DIR}/${FRAMEWORKS_FOLDER_PATH}/SwiftyBeaver.framework",
			);
			runOnlyForDeploymentPostprocessing = 0;
			shellPath = /bin/sh;
			shellScript = "\"${SRCROOT}/Pods/Target Support Files/Pods-Listify/Pods-Listify-frameworks.sh\"\n";
			showEnvVarsInLog = 0;
		};
		7C017A581ED04B3D00EA5E07 /* Crashlytics */ = {
			isa = PBXShellScriptBuildPhase;
			buildActionMask = 2147483647;
			files = (
			);
			inputPaths = (
			);
			name = Crashlytics;
			outputPaths = (
			);
			runOnlyForDeploymentPostprocessing = 0;
			shellPath = /bin/sh;
			shellScript = "\"${PODS_ROOT}/Fabric/run\" 7278ab7e44447c45d875ffc250de48bffa5d35e8 432f0055a61cc7eed796413b4239b55ec8dc3bba0298e9c35d6b9361b371d41f";
		};
		7C2B4E251E8A0FA700DD59BC /* R.swift Generator */ = {
			isa = PBXShellScriptBuildPhase;
			buildActionMask = 2147483647;
			files = (
			);
			inputPaths = (
			);
			name = "R.swift Generator";
			outputPaths = (
			);
			runOnlyForDeploymentPostprocessing = 0;
			shellPath = /bin/sh;
			shellScript = "\"$PODS_ROOT/R.swift/rswift\" \"$SRCROOT\"";
		};
		7CDADB3C1E7C13300062C93E /* SwiftLint */ = {
			isa = PBXShellScriptBuildPhase;
			buildActionMask = 2147483647;
			files = (
			);
			inputPaths = (
			);
			name = SwiftLint;
			outputPaths = (
			);
			runOnlyForDeploymentPostprocessing = 0;
			shellPath = /bin/sh;
			shellScript = "if which swiftlint >/dev/null; then\nswiftlint\nelse\necho \"warning: SwiftLint not installed, download from https://github.com/realm/SwiftLint\"\nfi";
		};
		8FE4C96884583AE9AD8980B1 /* [CP] Copy Pods Resources */ = {
			isa = PBXShellScriptBuildPhase;
			buildActionMask = 2147483647;
			files = (
			);
			inputPaths = (
				"${SRCROOT}/Pods/Target Support Files/Pods-Listify/Pods-Listify-resources.sh",
				"${PODS_ROOT}/GoogleSignIn/Resources/GoogleSignIn.bundle",
			);
			name = "[CP] Copy Pods Resources";
			outputPaths = (
				"${TARGET_BUILD_DIR}/${UNLOCALIZED_RESOURCES_FOLDER_PATH}",
			);
			runOnlyForDeploymentPostprocessing = 0;
			shellPath = /bin/sh;
			shellScript = "\"${SRCROOT}/Pods/Target Support Files/Pods-Listify/Pods-Listify-resources.sh\"\n";
			showEnvVarsInLog = 0;
		};
		B1D230B513613A6308AC1FB1 /* [CP] Check Pods Manifest.lock */ = {
			isa = PBXShellScriptBuildPhase;
			buildActionMask = 2147483647;
			files = (
			);
			inputPaths = (
				"${PODS_PODFILE_DIR_PATH}/Podfile.lock",
				"${PODS_ROOT}/Manifest.lock",
			);
			name = "[CP] Check Pods Manifest.lock";
			outputPaths = (
				"$(DERIVED_FILE_DIR)/Pods-Listify-checkManifestLockResult.txt",
			);
			runOnlyForDeploymentPostprocessing = 0;
			shellPath = /bin/sh;
			shellScript = "diff \"${PODS_PODFILE_DIR_PATH}/Podfile.lock\" \"${PODS_ROOT}/Manifest.lock\" > /dev/null\nif [ $? != 0 ] ; then\n    # print error to STDERR\n    echo \"error: The sandbox is not in sync with the Podfile.lock. Run 'pod install' or update your CocoaPods installation.\" >&2\n    exit 1\nfi\n# This output is used by Xcode 'outputs' to avoid re-running this script phase.\necho \"SUCCESS\" > \"${SCRIPT_OUTPUT_FILE_0}\"\n";
			showEnvVarsInLog = 0;
		};
/* End PBXShellScriptBuildPhase section */

/* Begin PBXSourcesBuildPhase section */
		C11E27344DA8EFAF3B9DA985 /* Sources */ = {
			isa = PBXSourcesBuildPhase;
			buildActionMask = 2147483647;
			files = (
				7C016C4C1EAE0C2D00C638D2 /* TaskServiceType.swift in Sources */,
				7CDADB391E7C11BD0062C93E /* AppSetup.swift in Sources */,
				7C016C4E1EAE0D0900C638D2 /* TasksViewController.swift in Sources */,
				7CFB09D21ED93C60008D890E /* CreateTaskViewModel.swift in Sources */,
				7CD27A781EA4D05A00B2A4EA /* UINavigationController+Rx.swift in Sources */,
				7C0333941E8B6E5D00982136 /* UITableView+Reusable.swift in Sources */,
				7CD27A741EA4CAFB00B2A4EA /* SceneCoordinator.swift in Sources */,
				7CD27A761EA4CF0400B2A4EA /* Scene+ViewController.swift in Sources */,
				7C23E3B51EAF501A0062DCCB /* ListsViewController.swift in Sources */,
				7C016C501EAE0D5C00C638D2 /* TasksViewModel.swift in Sources */,
				7CD27A6E1EA4C8B700B2A4EA /* AuthenticationViewModel.swift in Sources */,
				7C0EA1AA1EA73F5400BC6250 /* UserService.swift in Sources */,
				7CFB09D41ED9521D008D890E /* CreateTaskActionTableViewCell.swift in Sources */,
				7C0EA1B01EA75AED00BC6250 /* GIDSignIn+Rx.swift in Sources */,
				7C016C4A1EAE060E00C638D2 /* TaskService.swift in Sources */,
				7CDADB311E7BDB2A0062C93E /* Task.swift in Sources */,
				7C86E5391E8270DD00E7A484 /* RealmConstants.swift in Sources */,
				7C4F65271E8CE021006F4F1F /* AppConstant.swift in Sources */,
				7CDADB331E7BDBF20062C93E /* TaskList.swift in Sources */,
				7CD27A7E1EA4D25100B2A4EA /* AuthenticationViewController.swift in Sources */,
				7CD27A7A1EA4D13A00B2A4EA /* Bindable.swift in Sources */,
				7CD27A6C1EA4C87A00B2A4EA /* Scene.swift in Sources */,
				7C0333961E8B72DD00982136 /* UIColor+Hex.swift in Sources */,
				7CE31CF21E8B86F900874284 /* NibLoadableView.swift in Sources */,
				7C0333921E8B6E3300982136 /* Reusable.swift in Sources */,
				7C2B4E271E8A0FD500DD59BC /* R.generated.swift in Sources */,
				7C43BA5D1EAE4C94001018F9 /* SoundService.swift in Sources */,
				7C016C521EAE13AD00C638D2 /* TaskItemTableViewCell.swift in Sources */,
				412C7C1786E0D7538E74FBAA /* AppDelegate.swift in Sources */,
				7CD27A701EA4C93D00B2A4EA /* SceneCoordinatorType.swift in Sources */,
				7CD27A721EA4CA3500B2A4EA /* SceneTransitionType.swift in Sources */,
				7C23E3B71EAF50420062DCCB /* ListsViewModel.swift in Sources */,
				7C23E3B91EAF54C20062DCCB /* ListsTableViewCell.swift in Sources */,
				7CFB09D01ED93C04008D890E /* CreateTaskViewController.swift in Sources */,
			);
			runOnlyForDeploymentPostprocessing = 0;
		};
/* End PBXSourcesBuildPhase section */

/* Begin XCBuildConfiguration section */
		90EC29DF309C05167179B3BB /* Debug */ = {
			isa = XCBuildConfiguration;
			buildSettings = {
				ALWAYS_SEARCH_USER_PATHS = NO;
				ASSETCATALOG_COMPILER_APPICON_NAME = AppIcon;
				CLANG_ANALYZER_NONNULL = YES;
				CLANG_CXX_LANGUAGE_STANDARD = "gnu++0x";
				CLANG_CXX_LIBRARY = "libc++";
				CLANG_ENABLE_MODULES = YES;
				CLANG_ENABLE_OBJC_ARC = YES;
				CLANG_WARN_BOOL_CONVERSION = YES;
				CLANG_WARN_CONSTANT_CONVERSION = YES;
				CLANG_WARN_DEPRECATED_OBJC_IMPLEMENTATIONS = YES;
				CLANG_WARN_DIRECT_OBJC_ISA_USAGE = YES;
				CLANG_WARN_EMPTY_BODY = YES;
				CLANG_WARN_ENUM_CONVERSION = YES;
				CLANG_WARN_IMPLICIT_SIGN_CONVERSION = YES;
				CLANG_WARN_INFINITE_RECURSION = YES;
				CLANG_WARN_INT_CONVERSION = YES;
				CLANG_WARN_OBJC_IMPLICIT_RETAIN_SELF = YES;
				CLANG_WARN_OBJC_ROOT_CLASS = YES;
				CLANG_WARN_SUSPICIOUS_IMPLICIT_CONVERSION = YES;
				CLANG_WARN_SUSPICIOUS_MOVE = YES;
				CLANG_WARN_UNREACHABLE_CODE = YES;
				CLANG_WARN__DUPLICATE_METHOD_MATCH = YES;
				"CODE_SIGN_IDENTITY[sdk=iphoneos*]" = "iPhone Developer";
				COPY_PHASE_STRIP = NO;
				ENABLE_STRICT_OBJC_MSGSEND = YES;
				ENABLE_TESTABILITY = YES;
				GCC_C_LANGUAGE_STANDARD = gnu99;
				GCC_DYNAMIC_NO_PIC = NO;
				GCC_NO_COMMON_BLOCKS = YES;
				GCC_OPTIMIZATION_LEVEL = 0;
				GCC_PREPROCESSOR_DEFINITIONS = (
					"DEBUG=1",
					"$(inherited)",
				);
				GCC_SYMBOLS_PRIVATE_EXTERN = NO;
				GCC_WARN_64_TO_32_BIT_CONVERSION = YES;
				GCC_WARN_ABOUT_DEPRECATED_FUNCTIONS = YES;
				GCC_WARN_ABOUT_MISSING_FIELD_INITIALIZERS = YES;
				GCC_WARN_ABOUT_MISSING_NEWLINE = YES;
				GCC_WARN_ABOUT_RETURN_TYPE = YES;
				GCC_WARN_CHECK_SWITCH_STATEMENTS = YES;
				GCC_WARN_INITIALIZER_NOT_FULLY_BRACKETED = YES;
				GCC_WARN_MISSING_PARENTHESES = YES;
				GCC_WARN_SHADOW = YES;
				GCC_WARN_SIGN_COMPARE = YES;
				GCC_WARN_TYPECHECK_CALLS_TO_PRINTF = YES;
				GCC_WARN_UNDECLARED_SELECTOR = YES;
				GCC_WARN_UNINITIALIZED_AUTOS = YES;
				GCC_WARN_UNUSED_FUNCTION = YES;
				GCC_WARN_UNUSED_LABEL = YES;
				GCC_WARN_UNUSED_VALUE = YES;
				GCC_WARN_UNUSED_VARIABLE = YES;
				IPHONEOS_DEPLOYMENT_TARGET = 8.0;
				ONLY_ACTIVE_ARCH = YES;
				RUN_CLANG_STATIC_ANALYZER = YES;
				SDKROOT = iphoneos;
			};
			name = Debug;
		};
		B5370D1308DFC3EB80B0C165 /* Debug */ = {
			isa = XCBuildConfiguration;
			baseConfigurationReference = BBD58C428C6CF3ADD1C26F54 /* Pods-Listify.debug.xcconfig */;
			buildSettings = {
				ASSETCATALOG_COMPILER_APPICON_NAME = AppIcon;
				CLANG_ENABLE_MODULES = YES;
				"CODE_SIGN_IDENTITY[sdk=iphoneos*]" = "iPhone Developer";
				DEBUG_INFORMATION_FORMAT = "dwarf-with-dsym";
				DEVELOPMENT_TEAM = 7G5K6NH4YV;
				ENABLE_STRICT_OBJC_MSGSEND = YES;
				GCC_NO_COMMON_BLOCKS = YES;
				INFOPLIST_FILE = "Listify/Resources/Other-Sources/Info.plist";
				IPHONEOS_DEPLOYMENT_TARGET = 9.0;
				LD_RUNPATH_SEARCH_PATHS = "$(inherited) @executable_path/Frameworks";
				MTL_ENABLE_DEBUG_INFO = YES;
				PRODUCT_BUNDLE_IDENTIFIER = io.khoi.Listify;
				PRODUCT_NAME = "$(TARGET_NAME)";
				PROVISIONING_PROFILE = "";
				PROVISIONING_PROFILE_SPECIFIER = "";
				SDKROOT = iphoneos;
				SWIFT_OBJC_BRIDGING_HEADER = "Listify/Resources/Listify-Bridging-Header.h";
				SWIFT_OPTIMIZATION_LEVEL = "-Onone";
				SWIFT_VERSION = 3.0;
				TARGETED_DEVICE_FAMILY = "1,2";
			};
			name = Debug;
		};
		D9A2D6A638644FCE253105BC /* Release */ = {
			isa = XCBuildConfiguration;
			buildSettings = {
				ALWAYS_SEARCH_USER_PATHS = NO;
				ASSETCATALOG_COMPILER_APPICON_NAME = AppIcon;
				CLANG_ANALYZER_NONNULL = YES;
				CLANG_CXX_LANGUAGE_STANDARD = "gnu++0x";
				CLANG_CXX_LIBRARY = "libc++";
				CLANG_ENABLE_MODULES = YES;
				CLANG_ENABLE_OBJC_ARC = YES;
				CLANG_WARN_BOOL_CONVERSION = YES;
				CLANG_WARN_CONSTANT_CONVERSION = YES;
				CLANG_WARN_DEPRECATED_OBJC_IMPLEMENTATIONS = YES;
				CLANG_WARN_DIRECT_OBJC_ISA_USAGE = YES;
				CLANG_WARN_EMPTY_BODY = YES;
				CLANG_WARN_ENUM_CONVERSION = YES;
				CLANG_WARN_IMPLICIT_SIGN_CONVERSION = YES;
				CLANG_WARN_INFINITE_RECURSION = YES;
				CLANG_WARN_INT_CONVERSION = YES;
				CLANG_WARN_OBJC_IMPLICIT_RETAIN_SELF = YES;
				CLANG_WARN_OBJC_ROOT_CLASS = YES;
				CLANG_WARN_SUSPICIOUS_IMPLICIT_CONVERSION = YES;
				CLANG_WARN_SUSPICIOUS_MOVE = YES;
				CLANG_WARN_UNREACHABLE_CODE = YES;
				CLANG_WARN__DUPLICATE_METHOD_MATCH = YES;
				"CODE_SIGN_IDENTITY[sdk=iphoneos*]" = "iPhone Developer";
				COPY_PHASE_STRIP = YES;
				ENABLE_NS_ASSERTIONS = NO;
				ENABLE_STRICT_OBJC_MSGSEND = YES;
				GCC_C_LANGUAGE_STANDARD = gnu99;
				GCC_NO_COMMON_BLOCKS = YES;
				GCC_WARN_64_TO_32_BIT_CONVERSION = YES;
				GCC_WARN_ABOUT_DEPRECATED_FUNCTIONS = YES;
				GCC_WARN_ABOUT_MISSING_FIELD_INITIALIZERS = YES;
				GCC_WARN_ABOUT_MISSING_NEWLINE = YES;
				GCC_WARN_ABOUT_RETURN_TYPE = YES;
				GCC_WARN_CHECK_SWITCH_STATEMENTS = YES;
				GCC_WARN_INITIALIZER_NOT_FULLY_BRACKETED = YES;
				GCC_WARN_MISSING_PARENTHESES = YES;
				GCC_WARN_SHADOW = YES;
				GCC_WARN_SIGN_COMPARE = YES;
				GCC_WARN_TYPECHECK_CALLS_TO_PRINTF = YES;
				GCC_WARN_UNDECLARED_SELECTOR = YES;
				GCC_WARN_UNINITIALIZED_AUTOS = YES;
				GCC_WARN_UNUSED_FUNCTION = YES;
				GCC_WARN_UNUSED_LABEL = YES;
				GCC_WARN_UNUSED_VALUE = YES;
				GCC_WARN_UNUSED_VARIABLE = YES;
				IPHONEOS_DEPLOYMENT_TARGET = 8.0;
				RUN_CLANG_STATIC_ANALYZER = YES;
				SDKROOT = iphoneos;
				SWIFT_OPTIMIZATION_LEVEL = "-Owholemodule";
				VALIDATE_PRODUCT = YES;
			};
			name = Release;
		};
		EEBD3DAA2B4219BE500D879B /* Release */ = {
			isa = XCBuildConfiguration;
			baseConfigurationReference = BF20F25202102E02B3480CE2 /* Pods-Listify.release.xcconfig */;
			buildSettings = {
				ASSETCATALOG_COMPILER_APPICON_NAME = AppIcon;
				CLANG_ENABLE_MODULES = YES;
				"CODE_SIGN_IDENTITY[sdk=iphoneos*]" = "iPhone Distribution";
				DEBUG_INFORMATION_FORMAT = "dwarf-with-dsym";
				DEVELOPMENT_TEAM = 7G5K6NH4YV;
				ENABLE_STRICT_OBJC_MSGSEND = YES;
				GCC_NO_COMMON_BLOCKS = YES;
				GCC_TREAT_WARNINGS_AS_ERRORS = YES;
				INFOPLIST_FILE = "Listify/Resources/Other-Sources/Info.plist";
				IPHONEOS_DEPLOYMENT_TARGET = 9.0;
				LD_RUNPATH_SEARCH_PATHS = "$(inherited) @executable_path/Frameworks";
				MTL_ENABLE_DEBUG_INFO = NO;
				PRODUCT_BUNDLE_IDENTIFIER = io.khoi.Listify;
				PRODUCT_NAME = "$(TARGET_NAME)";
				PROVISIONING_PROFILE = "";
				PROVISIONING_PROFILE_SPECIFIER = "match AdHoc io.khoi.Listify";
				SDKROOT = iphoneos;
				SWIFT_OBJC_BRIDGING_HEADER = "Listify/Resources/Listify-Bridging-Header.h";
				SWIFT_VERSION = 3.0;
				TARGETED_DEVICE_FAMILY = "1,2";
			};
			name = Release;
		};
/* End XCBuildConfiguration section */

/* Begin XCConfigurationList section */
		56D19100B6F80907A1B5EB11 /* Build configuration list for PBXProject "Listify" */ = {
			isa = XCConfigurationList;
			buildConfigurations = (
				90EC29DF309C05167179B3BB /* Debug */,
				D9A2D6A638644FCE253105BC /* Release */,
			);
			defaultConfigurationIsVisible = 0;
			defaultConfigurationName = Release;
		};
		5AE1C82DBECF995BEF4A9AF4 /* Build configuration list for PBXNativeTarget "Listify" */ = {
			isa = XCConfigurationList;
			buildConfigurations = (
				EEBD3DAA2B4219BE500D879B /* Release */,
				B5370D1308DFC3EB80B0C165 /* Debug */,
			);
			defaultConfigurationIsVisible = 0;
			defaultConfigurationName = Release;
		};
/* End XCConfigurationList section */
	};
	rootObject = ED4F04C3F60A4FDD8A332B55 /* Project object */;
}
